
Microsoft Visual Studio Solution File, Format Version 12.00
# Visual Studio Version 17
VisualStudioVersion = 17.7.33913.275
MinimumVisualStudioVersion = 10.0.40219.1
Project("{FAE04EC0-301F-11D3-BF4B-00C04F79EFBC}") = "blazorWeb", "blazorWeb\blazorWeb.csproj", "{B6CCFFD9-7F1A-4360-85D4-A850C13B2C28}"
EndProject
Global
	GlobalSection(SolutionConfigurationPlatforms) = preSolution
		Debug|Any CPU = Debug|Any CPU
		Release|Any CPU = Release|Any CPU
	EndGlobalSection
	GlobalSection(ProjectConfigurationPlatforms) = postSolution
		{B6CCFFD9-7F1A-4360-85D4-A850C13B2C28}.Debug|Any CPU.ActiveCfg = Debug|Any CPU
		{B6CCFFD9-7F1A-4360-85D4-A850C13B2C28}.Debug|Any CPU.Build.0 = Debug|Any CPU
		{B6CCFFD9-7F1A-4360-85D4-A850C13B2C28}.Release|Any CPU.ActiveCfg = Release|Any CPU
		{B6CCFFD9-7F1A-4360-85D4-A850C13B2C28}.Release|Any CPU.Build.0 = Release|Any CPU
	EndGlobalSection
	GlobalSection(SolutionProperties) = preSolution
		HideSolutionNode = FALSE
	EndGlobalSection
	GlobalSection(ExtensibilityGlobals) = postSolution
		SolutionGuid = {F5368146-1AAB-47FF-BD8C-6E0E8E7C9A5E}
	EndGlobalSection
EndGlobal
